
Microsoft Visual Studio Solution File, Format Version 12.00
# Visual Studio Version 17
VisualStudioVersion = 17.14.36414.22 d17.14
MinimumVisualStudioVersion = 10.0.40219.1
Project("{FAE04EC0-301F-11D3-BF4B-00C04F79EFBC}") = "BigECommerce.Api", "src\BigECommerce.Api\BigECommerce.Api.csproj", "{3FD59DD6-154A-5F19-DA1E-8CCF1F10F1DF}"
EndProject
Project("{FAE04EC0-301F-11D3-BF4B-00C04F79EFBC}") = "BigECommerce.Application", "src\BigECommerce.Application\BigECommerce.Application.csproj", "{1A795F19-CD96-F8AF-81E3-7C325E12EE90}"
EndProject
Project("{FAE04EC0-301F-11D3-BF4B-00C04F79EFBC}") = "BigECommerce.Auth", "src\BigECommerce.Auth\BigECommerce.Auth.csproj", "{1F0D6480-A044-85BE-521E-9F9F5F74306E}"
EndProject
Project("{FAE04EC0-301F-11D3-BF4B-00C04F79EFBC}") = "BigECommerce.Domain", "src\BigECommerce.Domain\BigECommerce.Domain.csproj", "{9DB24BB6-2D8F-330E-BB76-A612542A8750}"
EndProject
Project("{FAE04EC0-301F-11D3-BF4B-00C04F79EFBC}") = "BigECommerce.Infrastructure", "src\BigECommerce.Infrastructure\BigECommerce.Infrastructure.csproj", "{06664C77-0F1A-8056-2042-A93459DFFCE7}"
EndProject
Project("{2150E333-8FDC-42A3-9474-1A3956D46DE8}") = "src", "src", "{02EA681E-C7D8-13C7-8484-4AC65E1B71E8}"
EndProject
Project("{2150E333-8FDC-42A3-9474-1A3956D46DE8}") = "tests", "tests", "{47FF8466-8CB2-49D6-9BF1-4F4E20E97E31}"
EndProject
Project("{FAE04EC0-301F-11D3-BF4B-00C04F79EFBC}") = "BigECommerce.Domain.Tests", "tests\BigECommerce.Domain.Tests\BigECommerce.Domain.Tests.csproj", "{E5BB26E3-2257-A645-1590-CBFE55363A7D}"
EndProject
Global
	GlobalSection(SolutionConfigurationPlatforms) = preSolution
		Debug|Any CPU = Debug|Any CPU
		Release|Any CPU = Release|Any CPU
	EndGlobalSection
	GlobalSection(ProjectConfigurationPlatforms) = postSolution
		{3FD59DD6-154A-5F19-DA1E-8CCF1F10F1DF}.Debug|Any CPU.ActiveCfg = Debug|Any CPU
		{3FD59DD6-154A-5F19-DA1E-8CCF1F10F1DF}.Debug|Any CPU.Build.0 = Debug|Any CPU
		{3FD59DD6-154A-5F19-DA1E-8CCF1F10F1DF}.Release|Any CPU.ActiveCfg = Release|Any CPU
		{3FD59DD6-154A-5F19-DA1E-8CCF1F10F1DF}.Release|Any CPU.Build.0 = Release|Any CPU
		{1A795F19-CD96-F8AF-81E3-7C325E12EE90}.Debug|Any CPU.ActiveCfg = Debug|Any CPU
		{1A795F19-CD96-F8AF-81E3-7C325E12EE90}.Debug|Any CPU.Build.0 = Debug|Any CPU
		{1A795F19-CD96-F8AF-81E3-7C325E12EE90}.Release|Any CPU.ActiveCfg = Release|Any CPU
		{1A795F19-CD96-F8AF-81E3-7C325E12EE90}.Release|Any CPU.Build.0 = Release|Any CPU
		{1F0D6480-A044-85BE-521E-9F9F5F74306E}.Debug|Any CPU.ActiveCfg = Debug|Any CPU
		{1F0D6480-A044-85BE-521E-9F9F5F74306E}.Debug|Any CPU.Build.0 = Debug|Any CPU
		{1F0D6480-A044-85BE-521E-9F9F5F74306E}.Release|Any CPU.ActiveCfg = Release|Any CPU
		{1F0D6480-A044-85BE-521E-9F9F5F74306E}.Release|Any CPU.Build.0 = Release|Any CPU
		{9DB24BB6-2D8F-330E-BB76-A612542A8750}.Debug|Any CPU.ActiveCfg = Debug|Any CPU
		{9DB24BB6-2D8F-330E-BB76-A612542A8750}.Debug|Any CPU.Build.0 = Debug|Any CPU
		{9DB24BB6-2D8F-330E-BB76-A612542A8750}.Release|Any CPU.ActiveCfg = Release|Any CPU
		{9DB24BB6-2D8F-330E-BB76-A612542A8750}.Release|Any CPU.Build.0 = Release|Any CPU
		{06664C77-0F1A-8056-2042-A93459DFFCE7}.Debug|Any CPU.ActiveCfg = Debug|Any CPU
		{06664C77-0F1A-8056-2042-A93459DFFCE7}.Debug|Any CPU.Build.0 = Debug|Any CPU
		{06664C77-0F1A-8056-2042-A93459DFFCE7}.Release|Any CPU.ActiveCfg = Release|Any CPU
		{06664C77-0F1A-8056-2042-A93459DFFCE7}.Release|Any CPU.Build.0 = Release|Any CPU
		{E5BB26E3-2257-A645-1590-CBFE55363A7D}.Debug|Any CPU.ActiveCfg = Debug|Any CPU
		{E5BB26E3-2257-A645-1590-CBFE55363A7D}.Debug|Any CPU.Build.0 = Debug|Any CPU
		{E5BB26E3-2257-A645-1590-CBFE55363A7D}.Release|Any CPU.ActiveCfg = Release|Any CPU
		{E5BB26E3-2257-A645-1590-CBFE55363A7D}.Release|Any CPU.Build.0 = Release|Any CPU
	EndGlobalSection
	GlobalSection(SolutionProperties) = preSolution
		HideSolutionNode = FALSE
	EndGlobalSection
	GlobalSection(NestedProjects) = preSolution
		{3FD59DD6-154A-5F19-DA1E-8CCF1F10F1DF} = {02EA681E-C7D8-13C7-8484-4AC65E1B71E8}
		{1A795F19-CD96-F8AF-81E3-7C325E12EE90} = {02EA681E-C7D8-13C7-8484-4AC65E1B71E8}
		{1F0D6480-A044-85BE-521E-9F9F5F74306E} = {02EA681E-C7D8-13C7-8484-4AC65E1B71E8}
		{9DB24BB6-2D8F-330E-BB76-A612542A8750} = {02EA681E-C7D8-13C7-8484-4AC65E1B71E8}
		{06664C77-0F1A-8056-2042-A93459DFFCE7} = {02EA681E-C7D8-13C7-8484-4AC65E1B71E8}
		{E5BB26E3-2257-A645-1590-CBFE55363A7D} = {47FF8466-8CB2-49D6-9BF1-4F4E20E97E31}
	EndGlobalSection
	GlobalSection(ExtensibilityGlobals) = postSolution
		SolutionGuid = {95060162-35DD-40A8-A9A8-DF4248191F0E}
	EndGlobalSection
EndGlobal
